
Microsoft Visual Studio Solution File, Format Version 12.00
# Visual Studio 15
VisualStudioVersion = 15.0.26430.6
MinimumVisualStudioVersion = 10.0.40219.1
Project("{8BC9CEB8-8B4A-11D0-8D11-00A0C91BC942}") = "eenn_utils", "eenn_utils\eenn_utils.vcxproj", "{5EF48BEF-21DB-4F2A-93E5-3EE26151EC45}"
EndProject
Project("{8BC9CEB8-8B4A-11D0-8D11-00A0C91BC942}") = "eenn_cui", "eenn_cui\eenn_cui.vcxproj", "{D7E9F760-FC92-43CF-A9C2-78EA369F4B08}"
	ProjectSection(ProjectDependencies) = postProject
		{5EF48BEF-21DB-4F2A-93E5-3EE26151EC45} = {5EF48BEF-21DB-4F2A-93E5-3EE26151EC45}
	EndProjectSection
EndProject
Project("{FAE04EC0-301F-11D3-BF4B-00C04F79EFBC}") = "eenn_gui", "eenn_gui\eenn_gui.csproj", "{3BEB364B-1182-4D36-8E64-AB803EE8C1AD}"
EndProject
Global
	GlobalSection(SolutionConfigurationPlatforms) = preSolution
		Debug|Any CPU = Debug|Any CPU
		Debug|x64 = Debug|x64
		Debug|x86 = Debug|x86
		Release|Any CPU = Release|Any CPU
		Release|x64 = Release|x64
		Release|x86 = Release|x86
	EndGlobalSection
	GlobalSection(ProjectConfigurationPlatforms) = postSolution
		{5EF48BEF-21DB-4F2A-93E5-3EE26151EC45}.Debug|Any CPU.ActiveCfg = Debug|Win32
		{5EF48BEF-21DB-4F2A-93E5-3EE26151EC45}.Debug|x64.ActiveCfg = Debug|x64
		{5EF48BEF-21DB-4F2A-93E5-3EE26151EC45}.Debug|x64.Build.0 = Debug|x64
		{5EF48BEF-21DB-4F2A-93E5-3EE26151EC45}.Debug|x86.ActiveCfg = Debug|Win32
		{5EF48BEF-21DB-4F2A-93E5-3EE26151EC45}.Debug|x86.Build.0 = Debug|Win32
		{5EF48BEF-21DB-4F2A-93E5-3EE26151EC45}.Release|Any CPU.ActiveCfg = Release|Win32
		{5EF48BEF-21DB-4F2A-93E5-3EE26151EC45}.Release|x64.ActiveCfg = Release|x64
		{5EF48BEF-21DB-4F2A-93E5-3EE26151EC45}.Release|x64.Build.0 = Release|x64
		{5EF48BEF-21DB-4F2A-93E5-3EE26151EC45}.Release|x86.ActiveCfg = Release|Win32
		{5EF48BEF-21DB-4F2A-93E5-3EE26151EC45}.Release|x86.Build.0 = Release|Win32
		{D7E9F760-FC92-43CF-A9C2-78EA369F4B08}.Debug|Any CPU.ActiveCfg = Debug|Win32
		{D7E9F760-FC92-43CF-A9C2-78EA369F4B08}.Debug|x64.ActiveCfg = Debug|x64
		{D7E9F760-FC92-43CF-A9C2-78EA369F4B08}.Debug|x64.Build.0 = Debug|x64
		{D7E9F760-FC92-43CF-A9C2-78EA369F4B08}.Debug|x86.ActiveCfg = Debug|Win32
		{D7E9F760-FC92-43CF-A9C2-78EA369F4B08}.Debug|x86.Build.0 = Debug|Win32
		{D7E9F760-FC92-43CF-A9C2-78EA369F4B08}.Release|Any CPU.ActiveCfg = Release|Win32
		{D7E9F760-FC92-43CF-A9C2-78EA369F4B08}.Release|x64.ActiveCfg = Release|x64
		{D7E9F760-FC92-43CF-A9C2-78EA369F4B08}.Release|x64.Build.0 = Release|x64
		{D7E9F760-FC92-43CF-A9C2-78EA369F4B08}.Release|x86.ActiveCfg = Release|Win32
		{D7E9F760-FC92-43CF-A9C2-78EA369F4B08}.Release|x86.Build.0 = Release|Win32
		{3BEB364B-1182-4D36-8E64-AB803EE8C1AD}.Debug|Any CPU.ActiveCfg = Debug|Any CPU
		{3BEB364B-1182-4D36-8E64-AB803EE8C1AD}.Debug|Any CPU.Build.0 = Debug|Any CPU
		{3BEB364B-1182-4D36-8E64-AB803EE8C1AD}.Debug|x64.ActiveCfg = Debug|Any CPU
		{3BEB364B-1182-4D36-8E64-AB803EE8C1AD}.Debug|x64.Build.0 = Debug|Any CPU
		{3BEB364B-1182-4D36-8E64-AB803EE8C1AD}.Debug|x86.ActiveCfg = Debug|Any CPU
		{3BEB364B-1182-4D36-8E64-AB803EE8C1AD}.Debug|x86.Build.0 = Debug|Any CPU
		{3BEB364B-1182-4D36-8E64-AB803EE8C1AD}.Release|Any CPU.ActiveCfg = Release|Any CPU
		{3BEB364B-1182-4D36-8E64-AB803EE8C1AD}.Release|Any CPU.Build.0 = Release|Any CPU
		{3BEB364B-1182-4D36-8E64-AB803EE8C1AD}.Release|x64.ActiveCfg = Release|Any CPU
		{3BEB364B-1182-4D36-8E64-AB803EE8C1AD}.Release|x64.Build.0 = Release|Any CPU
		{3BEB364B-1182-4D36-8E64-AB803EE8C1AD}.Release|x86.ActiveCfg = Release|Any CPU
		{3BEB364B-1182-4D36-8E64-AB803EE8C1AD}.Release|x86.Build.0 = Release|Any CPU
	EndGlobalSection
	GlobalSection(SolutionProperties) = preSolution
		HideSolutionNode = FALSE
	EndGlobalSection
EndGlobal
